
Microsoft Visual Studio Solution File, Format Version 12.00
# Visual Studio Version 16
VisualStudioVersion = 16.0.31729.503
MinimumVisualStudioVersion = 10.0.40219.1
Project("{FAE04EC0-301F-11D3-BF4B-00C04F79EFBC}") = "Lab5", "Lab5.csproj", "{9DEAF920-90A0-41FE-8D01-B48BDE5E3018}"
EndProject
Global
	GlobalSection(SolutionConfigurationPlatforms) = preSolution
		Debug|Any CPU = Debug|Any CPU
		Release|Any CPU = Release|Any CPU
	EndGlobalSection
	GlobalSection(ProjectConfigurationPlatforms) = postSolution
		{9DEAF920-90A0-41FE-8D01-B48BDE5E3018}.Debug|Any CPU.ActiveCfg = Debug|Any CPU
		{9DEAF920-90A0-41FE-8D01-B48BDE5E3018}.Debug|Any CPU.Build.0 = Debug|Any CPU
		{9DEAF920-90A0-41FE-8D01-B48BDE5E3018}.Release|Any CPU.ActiveCfg = Release|Any CPU
		{9DEAF920-90A0-41FE-8D01-B48BDE5E3018}.Release|Any CPU.Build.0 = Release|Any CPU
	EndGlobalSection
	GlobalSection(SolutionProperties) = preSolution
		HideSolutionNode = FALSE
	EndGlobalSection
	GlobalSection(ExtensibilityGlobals) = postSolution
		SolutionGuid = {E40DD2AA-EE59-49AA-B34E-D4EEA57DAE8B}
	EndGlobalSection
EndGlobal
